github.com/Pramod-Devireddy/go-exprtk v1.1.0 h1:U/uvXm5UMQ25p6PCnThz51WsxDqAeoynzdnhpQEAxZo=
github.com/Pramod-Devireddy/go-exprtk v1.1.0/go.mod h1:GbqdmGxU1ESDj3lu8mPbffejPB5UoOtm6eB7qr3YZ94=
github.com/go-gl/gl v0.0.0-20231021071112-07e5d0ea2e71 h1:5BVwOaUSBTlVZowGO6VZGw2H/zl9nrd3eCZfYV+NfQA=
github.com/go-gl/gl v0.0.0-20231021071112-07e5d0ea2e71/go.mod h1:9YTyiznxEY1fVinfM7RvRcjRHbw2xLBJ3AAGIT0I4Nw=
github.com/go-gl/glfw/v3.3/glfw v0.0.0-20240506104042-037f3cc74f2a h1:vxnBhFDDT+xzxf1jTJKMKZw3H0swfWk9RpWbBbDK5+0=
github.com/go-gl/glfw/v3.3/glfw v0.0.0-20240506104042-037f3cc74f2a/go.mod h1:tQ2UAYgL5IevRw8kRxooKSPJfGvJ9fJQFa0TUsXzTg8=
github.com/vjeantet/govaluate v1.3.0 h1:xYuRy9dWYmbZTKqTY5VY0mH3zbPh05LSASCELsdlKWk=
github.com/vjeantet/govaluate v1.3.0/go.mod h1:V94w8o882bBANnR7bKEZ6AaE5BWS5m3I3M8d+YWe6D0=
